
Microsoft Visual Studio Solution File, Format Version 12.00
# Visual Studio 2012
Project("{FAE04EC0-301F-11D3-BF4B-00C04F79EFBC}") = "test-web", "test-web\test-web.csproj", "{7CA99109-77BC-4292-BD8E-3F41060CEB34}"
EndProject
Project("{FAE04EC0-301F-11D3-BF4B-00C04F79EFBC}") = "test-web.Tests", "test-web.Tests\test-web.Tests.csproj", "{1F890D35-CCBA-4939-9FE6-6ABB4BFBDC18}"
EndProject
Global
	GlobalSection(SolutionConfigurationPlatforms) = preSolution
		Debug|Any CPU = Debug|Any CPU
		Release|Any CPU = Release|Any CPU
	EndGlobalSection
	GlobalSection(ProjectConfigurationPlatforms) = postSolution
		{7CA99109-77BC-4292-BD8E-3F41060CEB34}.Debug|Any CPU.ActiveCfg = Debug|Any CPU
		{7CA99109-77BC-4292-BD8E-3F41060CEB34}.Debug|Any CPU.Build.0 = Debug|Any CPU
		{7CA99109-77BC-4292-BD8E-3F41060CEB34}.Release|Any CPU.ActiveCfg = Release|Any CPU
		{7CA99109-77BC-4292-BD8E-3F41060CEB34}.Release|Any CPU.Build.0 = Release|Any CPU
		{1F890D35-CCBA-4939-9FE6-6ABB4BFBDC18}.Debug|Any CPU.ActiveCfg = Debug|Any CPU
		{1F890D35-CCBA-4939-9FE6-6ABB4BFBDC18}.Debug|Any CPU.Build.0 = Debug|Any CPU
		{1F890D35-CCBA-4939-9FE6-6ABB4BFBDC18}.Release|Any CPU.ActiveCfg = Release|Any CPU
		{1F890D35-CCBA-4939-9FE6-6ABB4BFBDC18}.Release|Any CPU.Build.0 = Release|Any CPU
	EndGlobalSection
EndGlobal
